
Microsoft Visual Studio Solution File, Format Version 12.00
Project("{FAE04EC0-301F-11D3-BF4B-00C04F79EFBC}") = "BuildFlow.Api", "BuildFlow.Api\BuildFlow.Api.csproj", "{EA9164F2-15D0-4A23-B905-A1B51990DECF}"
EndProject
Project("{2150E333-8FDC-42A3-9474-1A3956D46DE8}") = "Solution Items", "Solution Items", "{D2C994E5-2B0C-459E-9D1E-32A7495132BE}"
	ProjectSection(SolutionItems) = preProject
		compose.yaml = compose.yaml
	EndProjectSection
EndProject
Project("{2150E333-8FDC-42A3-9474-1A3956D46DE8}") = "Modules", "Modules", "{CA253913-39DE-BFD0-C9A3-4B7EC6FBDF17}"
EndProject
Project("{2150E333-8FDC-42A3-9474-1A3956D46DE8}") = "Jobs", "Jobs", "{6E7C7BA8-294D-2302-643D-CEAB6D7937F1}"
EndProject
Project("{FAE04EC0-301F-11D3-BF4B-00C04F79EFBC}") = "BuildFlow.Modules.Jobs.Domain", "Modules\Jobs\Domain\BuildFlow.Modules.Jobs.Domain.csproj", "{11A64665-EEED-4884-B414-7B4826F040B4}"
EndProject
Project("{FAE04EC0-301F-11D3-BF4B-00C04F79EFBC}") = "BuildFlow.Modules.Jobs.Application", "Modules\Jobs\Application\BuildFlow.Modules.Jobs.Application.csproj", "{FC1418F6-DF42-479A-BEF8-5663C8ACA963}"
EndProject
Project("{FAE04EC0-301F-11D3-BF4B-00C04F79EFBC}") = "BuildFlow.Modules.Jobs.Infrastructure", "Modules\Jobs\Infrastructure\BuildFlow.Modules.Jobs.Infrastructure.csproj", "{B4B57D14-8F13-4FCD-96A3-A85D9F62F9A4}"
EndProject
Project("{2150E333-8FDC-42A3-9474-1A3956D46DE8}") = "Runners", "Runners", "{DE653B74-F3BB-1E06-4098-576CDF92F956}"
EndProject
Project("{FAE04EC0-301F-11D3-BF4B-00C04F79EFBC}") = "BuildFlow.Modules.Runners.Domain", "Modules\Runners\Domain\BuildFlow.Modules.Runners.Domain.csproj", "{F0DBC5FF-6341-4CFC-AA3E-0F86157C60A7}"
EndProject
Project("{FAE04EC0-301F-11D3-BF4B-00C04F79EFBC}") = "BuildFlow.Modules.Runners.Application", "Modules\Runners\Application\BuildFlow.Modules.Runners.Application.csproj", "{70C86E03-1A9E-4A4E-9D7E-D545016B2EB3}"
EndProject
Project("{FAE04EC0-301F-11D3-BF4B-00C04F79EFBC}") = "BuildFlow.Modules.Runners.Infrastructure", "Modules\Runners\Infrastructure\BuildFlow.Modules.Runners.Infrastructure.csproj", "{1B555875-8564-4C22-B95C-267AFA3E51CC}"
EndProject
Project("{2150E333-8FDC-42A3-9474-1A3956D46DE8}") = "Shared", "Shared", "{4F52FD11-658E-A102-6CD3-7D7C16FFA15B}"
EndProject
Project("{FAE04EC0-301F-11D3-BF4B-00C04F79EFBC}") = "BuildFlow.Shared.ProcessRunner", "Shared\ProcessRunner\BuildFlow.Shared.ProcessRunner.csproj", "{D470B0CF-3310-4013-B910-8FBF86583B89}"
EndProject
Project("{FAE04EC0-301F-11D3-BF4B-00C04F79EFBC}") = "BuildFlow.Shared.ResultModels", "Shared\ResultModels\BuildFlow.Shared.ResultModels.csproj", "{EFE1DB45-1981-4D3A-B98F-03249EA98C65}"
EndProject
Global
	GlobalSection(SolutionConfigurationPlatforms) = preSolution
		Debug|Any CPU = Debug|Any CPU
		Debug|x64 = Debug|x64
		Debug|x86 = Debug|x86
		Release|Any CPU = Release|Any CPU
		Release|x64 = Release|x64
		Release|x86 = Release|x86
	EndGlobalSection
	GlobalSection(ProjectConfigurationPlatforms) = postSolution
		{EA9164F2-15D0-4A23-B905-A1B51990DECF}.Debug|Any CPU.ActiveCfg = Debug|Any CPU
		{EA9164F2-15D0-4A23-B905-A1B51990DECF}.Debug|Any CPU.Build.0 = Debug|Any CPU
		{EA9164F2-15D0-4A23-B905-A1B51990DECF}.Debug|x64.ActiveCfg = Debug|Any CPU
		{EA9164F2-15D0-4A23-B905-A1B51990DECF}.Debug|x64.Build.0 = Debug|Any CPU
		{EA9164F2-15D0-4A23-B905-A1B51990DECF}.Debug|x86.ActiveCfg = Debug|Any CPU
		{EA9164F2-15D0-4A23-B905-A1B51990DECF}.Debug|x86.Build.0 = Debug|Any CPU
		{EA9164F2-15D0-4A23-B905-A1B51990DECF}.Release|Any CPU.ActiveCfg = Release|Any CPU
		{EA9164F2-15D0-4A23-B905-A1B51990DECF}.Release|Any CPU.Build.0 = Release|Any CPU
		{EA9164F2-15D0-4A23-B905-A1B51990DECF}.Release|x64.ActiveCfg = Release|Any CPU
		{EA9164F2-15D0-4A23-B905-A1B51990DECF}.Release|x64.Build.0 = Release|Any CPU
		{EA9164F2-15D0-4A23-B905-A1B51990DECF}.Release|x86.ActiveCfg = Release|Any CPU
		{EA9164F2-15D0-4A23-B905-A1B51990DECF}.Release|x86.Build.0 = Release|Any CPU
		{11A64665-EEED-4884-B414-7B4826F040B4}.Debug|Any CPU.ActiveCfg = Debug|Any CPU
		{11A64665-EEED-4884-B414-7B4826F040B4}.Debug|Any CPU.Build.0 = Debug|Any CPU
		{11A64665-EEED-4884-B414-7B4826F040B4}.Debug|x64.ActiveCfg = Debug|Any CPU
		{11A64665-EEED-4884-B414-7B4826F040B4}.Debug|x64.Build.0 = Debug|Any CPU
		{11A64665-EEED-4884-B414-7B4826F040B4}.Debug|x86.ActiveCfg = Debug|Any CPU
		{11A64665-EEED-4884-B414-7B4826F040B4}.Debug|x86.Build.0 = Debug|Any CPU
		{11A64665-EEED-4884-B414-7B4826F040B4}.Release|Any CPU.ActiveCfg = Release|Any CPU
		{11A64665-EEED-4884-B414-7B4826F040B4}.Release|Any CPU.Build.0 = Release|Any CPU
		{11A64665-EEED-4884-B414-7B4826F040B4}.Release|x64.ActiveCfg = Release|Any CPU
		{11A64665-EEED-4884-B414-7B4826F040B4}.Release|x64.Build.0 = Release|Any CPU
		{11A64665-EEED-4884-B414-7B4826F040B4}.Release|x86.ActiveCfg = Release|Any CPU
		{11A64665-EEED-4884-B414-7B4826F040B4}.Release|x86.Build.0 = Release|Any CPU
		{FC1418F6-DF42-479A-BEF8-5663C8ACA963}.Debug|Any CPU.ActiveCfg = Debug|Any CPU
		{FC1418F6-DF42-479A-BEF8-5663C8ACA963}.Debug|Any CPU.Build.0 = Debug|Any CPU
		{FC1418F6-DF42-479A-BEF8-5663C8ACA963}.Debug|x64.ActiveCfg = Debug|Any CPU
		{FC1418F6-DF42-479A-BEF8-5663C8ACA963}.Debug|x64.Build.0 = Debug|Any CPU
		{FC1418F6-DF42-479A-BEF8-5663C8ACA963}.Debug|x86.ActiveCfg = Debug|Any CPU
		{FC1418F6-DF42-479A-BEF8-5663C8ACA963}.Debug|x86.Build.0 = Debug|Any CPU
		{FC1418F6-DF42-479A-BEF8-5663C8ACA963}.Release|Any CPU.ActiveCfg = Release|Any CPU
		{FC1418F6-DF42-479A-BEF8-5663C8ACA963}.Release|Any CPU.Build.0 = Release|Any CPU
		{FC1418F6-DF42-479A-BEF8-5663C8ACA963}.Release|x64.ActiveCfg = Release|Any CPU
		{FC1418F6-DF42-479A-BEF8-5663C8ACA963}.Release|x64.Build.0 = Release|Any CPU
		{FC1418F6-DF42-479A-BEF8-5663C8ACA963}.Release|x86.ActiveCfg = Release|Any CPU
		{FC1418F6-DF42-479A-BEF8-5663C8ACA963}.Release|x86.Build.0 = Release|Any CPU
		{B4B57D14-8F13-4FCD-96A3-A85D9F62F9A4}.Debug|Any CPU.ActiveCfg = Debug|Any CPU
		{B4B57D14-8F13-4FCD-96A3-A85D9F62F9A4}.Debug|Any CPU.Build.0 = Debug|Any CPU
		{B4B57D14-8F13-4FCD-96A3-A85D9F62F9A4}.Debug|x64.ActiveCfg = Debug|Any CPU
		{B4B57D14-8F13-4FCD-96A3-A85D9F62F9A4}.Debug|x64.Build.0 = Debug|Any CPU
		{B4B57D14-8F13-4FCD-96A3-A85D9F62F9A4}.Debug|x86.ActiveCfg = Debug|Any CPU
		{B4B57D14-8F13-4FCD-96A3-A85D9F62F9A4}.Debug|x86.Build.0 = Debug|Any CPU
		{B4B57D14-8F13-4FCD-96A3-A85D9F62F9A4}.Release|Any CPU.ActiveCfg = Release|Any CPU
		{B4B57D14-8F13-4FCD-96A3-A85D9F62F9A4}.Release|Any CPU.Build.0 = Release|Any CPU
		{B4B57D14-8F13-4FCD-96A3-A85D9F62F9A4}.Release|x64.ActiveCfg = Release|Any CPU
		{B4B57D14-8F13-4FCD-96A3-A85D9F62F9A4}.Release|x64.Build.0 = Release|Any CPU
		{B4B57D14-8F13-4FCD-96A3-A85D9F62F9A4}.Release|x86.ActiveCfg = Release|Any CPU
		{B4B57D14-8F13-4FCD-96A3-A85D9F62F9A4}.Release|x86.Build.0 = Release|Any CPU
		{F0DBC5FF-6341-4CFC-AA3E-0F86157C60A7}.Debug|Any CPU.ActiveCfg = Debug|Any CPU
		{F0DBC5FF-6341-4CFC-AA3E-0F86157C60A7}.Debug|Any CPU.Build.0 = Debug|Any CPU
		{F0DBC5FF-6341-4CFC-AA3E-0F86157C60A7}.Debug|x64.ActiveCfg = Debug|Any CPU
		{F0DBC5FF-6341-4CFC-AA3E-0F86157C60A7}.Debug|x64.Build.0 = Debug|Any CPU
		{F0DBC5FF-6341-4CFC-AA3E-0F86157C60A7}.Debug|x86.ActiveCfg = Debug|Any CPU
		{F0DBC5FF-6341-4CFC-AA3E-0F86157C60A7}.Debug|x86.Build.0 = Debug|Any CPU
		{F0DBC5FF-6341-4CFC-AA3E-0F86157C60A7}.Release|Any CPU.ActiveCfg = Release|Any CPU
		{F0DBC5FF-6341-4CFC-AA3E-0F86157C60A7}.Release|Any CPU.Build.0 = Release|Any CPU
		{F0DBC5FF-6341-4CFC-AA3E-0F86157C60A7}.Release|x64.ActiveCfg = Release|Any CPU
		{F0DBC5FF-6341-4CFC-AA3E-0F86157C60A7}.Release|x64.Build.0 = Release|Any CPU
		{F0DBC5FF-6341-4CFC-AA3E-0F86157C60A7}.Release|x86.ActiveCfg = Release|Any CPU
		{F0DBC5FF-6341-4CFC-AA3E-0F86157C60A7}.Release|x86.Build.0 = Release|Any CPU
		{70C86E03-1A9E-4A4E-9D7E-D545016B2EB3}.Debug|Any CPU.ActiveCfg = Debug|Any CPU
		{70C86E03-1A9E-4A4E-9D7E-D545016B2EB3}.Debug|Any CPU.Build.0 = Debug|Any CPU
		{70C86E03-1A9E-4A4E-9D7E-D545016B2EB3}.Debug|x64.ActiveCfg = Debug|Any CPU
		{70C86E03-1A9E-4A4E-9D7E-D545016B2EB3}.Debug|x64.Build.0 = Debug|Any CPU
		{70C86E03-1A9E-4A4E-9D7E-D545016B2EB3}.Debug|x86.ActiveCfg = Debug|Any CPU
		{70C86E03-1A9E-4A4E-9D7E-D545016B2EB3}.Debug|x86.Build.0 = Debug|Any CPU
		{70C86E03-1A9E-4A4E-9D7E-D545016B2EB3}.Release|Any CPU.ActiveCfg = Release|Any CPU
		{70C86E03-1A9E-4A4E-9D7E-D545016B2EB3}.Release|Any CPU.Build.0 = Release|Any CPU
		{70C86E03-1A9E-4A4E-9D7E-D545016B2EB3}.Release|x64.ActiveCfg = Release|Any CPU
		{70C86E03-1A9E-4A4E-9D7E-D545016B2EB3}.Release|x64.Build.0 = Release|Any CPU
		{70C86E03-1A9E-4A4E-9D7E-D545016B2EB3}.Release|x86.ActiveCfg = Release|Any CPU
		{70C86E03-1A9E-4A4E-9D7E-D545016B2EB3}.Release|x86.Build.0 = Release|Any CPU
		{1B555875-8564-4C22-B95C-267AFA3E51CC}.Debug|Any CPU.ActiveCfg = Debug|Any CPU
		{1B555875-8564-4C22-B95C-267AFA3E51CC}.Debug|Any CPU.Build.0 = Debug|Any CPU
		{1B555875-8564-4C22-B95C-267AFA3E51CC}.Debug|x64.ActiveCfg = Debug|Any CPU
		{1B555875-8564-4C22-B95C-267AFA3E51CC}.Debug|x64.Build.0 = Debug|Any CPU
		{1B555875-8564-4C22-B95C-267AFA3E51CC}.Debug|x86.ActiveCfg = Debug|Any CPU
		{1B555875-8564-4C22-B95C-267AFA3E51CC}.Debug|x86.Build.0 = Debug|Any CPU
		{1B555875-8564-4C22-B95C-267AFA3E51CC}.Release|Any CPU.ActiveCfg = Release|Any CPU
		{1B555875-8564-4C22-B95C-267AFA3E51CC}.Release|Any CPU.Build.0 = Release|Any CPU
		{1B555875-8564-4C22-B95C-267AFA3E51CC}.Release|x64.ActiveCfg = Release|Any CPU
		{1B555875-8564-4C22-B95C-267AFA3E51CC}.Release|x64.Build.0 = Release|Any CPU
		{1B555875-8564-4C22-B95C-267AFA3E51CC}.Release|x86.ActiveCfg = Release|Any CPU
		{1B555875-8564-4C22-B95C-267AFA3E51CC}.Release|x86.Build.0 = Release|Any CPU
		{D470B0CF-3310-4013-B910-8FBF86583B89}.Debug|Any CPU.ActiveCfg = Debug|Any CPU
		{D470B0CF-3310-4013-B910-8FBF86583B89}.Debug|Any CPU.Build.0 = Debug|Any CPU
		{D470B0CF-3310-4013-B910-8FBF86583B89}.Debug|x64.ActiveCfg = Debug|Any CPU
		{D470B0CF-3310-4013-B910-8FBF86583B89}.Debug|x64.Build.0 = Debug|Any CPU
		{D470B0CF-3310-4013-B910-8FBF86583B89}.Debug|x86.ActiveCfg = Debug|Any CPU
		{D470B0CF-3310-4013-B910-8FBF86583B89}.Debug|x86.Build.0 = Debug|Any CPU
		{D470B0CF-3310-4013-B910-8FBF86583B89}.Release|Any CPU.ActiveCfg = Release|Any CPU
		{D470B0CF-3310-4013-B910-8FBF86583B89}.Release|Any CPU.Build.0 = Release|Any CPU
		{D470B0CF-3310-4013-B910-8FBF86583B89}.Release|x64.ActiveCfg = Release|Any CPU
		{D470B0CF-3310-4013-B910-8FBF86583B89}.Release|x64.Build.0 = Release|Any CPU
		{D470B0CF-3310-4013-B910-8FBF86583B89}.Release|x86.ActiveCfg = Release|Any CPU
		{D470B0CF-3310-4013-B910-8FBF86583B89}.Release|x86.Build.0 = Release|Any CPU
		{EFE1DB45-1981-4D3A-B98F-03249EA98C65}.Debug|Any CPU.ActiveCfg = Debug|Any CPU
		{EFE1DB45-1981-4D3A-B98F-03249EA98C65}.Debug|Any CPU.Build.0 = Debug|Any CPU
		{EFE1DB45-1981-4D3A-B98F-03249EA98C65}.Debug|x64.ActiveCfg = Debug|Any CPU
		{EFE1DB45-1981-4D3A-B98F-03249EA98C65}.Debug|x64.Build.0 = Debug|Any CPU
		{EFE1DB45-1981-4D3A-B98F-03249EA98C65}.Debug|x86.ActiveCfg = Debug|Any CPU
		{EFE1DB45-1981-4D3A-B98F-03249EA98C65}.Debug|x86.Build.0 = Debug|Any CPU
		{EFE1DB45-1981-4D3A-B98F-03249EA98C65}.Release|Any CPU.ActiveCfg = Release|Any CPU
		{EFE1DB45-1981-4D3A-B98F-03249EA98C65}.Release|Any CPU.Build.0 = Release|Any CPU
		{EFE1DB45-1981-4D3A-B98F-03249EA98C65}.Release|x64.ActiveCfg = Release|Any CPU
		{EFE1DB45-1981-4D3A-B98F-03249EA98C65}.Release|x64.Build.0 = Release|Any CPU
		{EFE1DB45-1981-4D3A-B98F-03249EA98C65}.Release|x86.ActiveCfg = Release|Any CPU
		{EFE1DB45-1981-4D3A-B98F-03249EA98C65}.Release|x86.Build.0 = Release|Any CPU
	EndGlobalSection
	GlobalSection(SolutionProperties) = preSolution
		HideSolutionNode = FALSE
	EndGlobalSection
	GlobalSection(NestedProjects) = preSolution
		{6E7C7BA8-294D-2302-643D-CEAB6D7937F1} = {CA253913-39DE-BFD0-C9A3-4B7EC6FBDF17}
		{11A64665-EEED-4884-B414-7B4826F040B4} = {6E7C7BA8-294D-2302-643D-CEAB6D7937F1}
		{FC1418F6-DF42-479A-BEF8-5663C8ACA963} = {6E7C7BA8-294D-2302-643D-CEAB6D7937F1}
		{B4B57D14-8F13-4FCD-96A3-A85D9F62F9A4} = {6E7C7BA8-294D-2302-643D-CEAB6D7937F1}
		{DE653B74-F3BB-1E06-4098-576CDF92F956} = {CA253913-39DE-BFD0-C9A3-4B7EC6FBDF17}
		{F0DBC5FF-6341-4CFC-AA3E-0F86157C60A7} = {DE653B74-F3BB-1E06-4098-576CDF92F956}
		{70C86E03-1A9E-4A4E-9D7E-D545016B2EB3} = {DE653B74-F3BB-1E06-4098-576CDF92F956}
		{1B555875-8564-4C22-B95C-267AFA3E51CC} = {DE653B74-F3BB-1E06-4098-576CDF92F956}
		{D470B0CF-3310-4013-B910-8FBF86583B89} = {4F52FD11-658E-A102-6CD3-7D7C16FFA15B}
		{EFE1DB45-1981-4D3A-B98F-03249EA98C65} = {4F52FD11-658E-A102-6CD3-7D7C16FFA15B}
	EndGlobalSection
EndGlobal
